
Microsoft Visual Studio Solution File, Format Version 12.00
# Visual Studio Version 17
VisualStudioVersion = 17.5.002.0
MinimumVisualStudioVersion = 10.0.40219.1
Project("{9A19103F-16F7-4668-BE54-9A1E7A4F7556}") = "aspNetCoreWebsocket", "aspNetCoreWebsocket\aspNetCoreWebsocket.csproj", "{980EDE8D-72A4-4110-B614-51EA7056801F}"
EndProject
Global
	GlobalSection(SolutionConfigurationPlatforms) = preSolution
		Debug|Any CPU = Debug|Any CPU
		Release|Any CPU = Release|Any CPU
	EndGlobalSection
	GlobalSection(ProjectConfigurationPlatforms) = postSolution
		{980EDE8D-72A4-4110-B614-51EA7056801F}.Debug|Any CPU.ActiveCfg = Debug|Any CPU
		{980EDE8D-72A4-4110-B614-51EA7056801F}.Debug|Any CPU.Build.0 = Debug|Any CPU
		{980EDE8D-72A4-4110-B614-51EA7056801F}.Release|Any CPU.ActiveCfg = Release|Any CPU
		{980EDE8D-72A4-4110-B614-51EA7056801F}.Release|Any CPU.Build.0 = Release|Any CPU
	EndGlobalSection
	GlobalSection(SolutionProperties) = preSolution
		HideSolutionNode = FALSE
	EndGlobalSection
	GlobalSection(ExtensibilityGlobals) = postSolution
		SolutionGuid = {586472B6-F08C-497E-968A-E09E8AE729D2}
	EndGlobalSection
EndGlobal
